
Microsoft Visual Studio Solution File, Format Version 12.00
# Visual Studio Version 17
VisualStudioVersion = 17.7.34018.315
MinimumVisualStudioVersion = 10.0.40219.1
Project("{FAE04EC0-301F-11D3-BF4B-00C04F79EFBC}") = "Uppgift 6.5", "Uppgift 6.5\Uppgift 6.5.csproj", "{9FE5D1D0-9FF9-47E1-BD62-365DD6922AE2}"
EndProject
Global
	GlobalSection(SolutionConfigurationPlatforms) = preSolution
		Debug|Any CPU = Debug|Any CPU
		Release|Any CPU = Release|Any CPU
	EndGlobalSection
	GlobalSection(ProjectConfigurationPlatforms) = postSolution
		{9FE5D1D0-9FF9-47E1-BD62-365DD6922AE2}.Debug|Any CPU.ActiveCfg = Debug|Any CPU
		{9FE5D1D0-9FF9-47E1-BD62-365DD6922AE2}.Debug|Any CPU.Build.0 = Debug|Any CPU
		{9FE5D1D0-9FF9-47E1-BD62-365DD6922AE2}.Release|Any CPU.ActiveCfg = Release|Any CPU
		{9FE5D1D0-9FF9-47E1-BD62-365DD6922AE2}.Release|Any CPU.Build.0 = Release|Any CPU
	EndGlobalSection
	GlobalSection(SolutionProperties) = preSolution
		HideSolutionNode = FALSE
	EndGlobalSection
	GlobalSection(ExtensibilityGlobals) = postSolution
		SolutionGuid = {1EDF4A1F-60E4-4AE1-A08A-E3CE3A5B1DDA}
	EndGlobalSection
EndGlobal
